Microsoft Visual Studio Solution File, Format Version 12.00
# Visual Studio Version 17
VisualStudioVersion = 17.5.2.0
MinimumVisualStudioVersion = 10.0.40219.1
Project("{FAE04EC0-301F-11D3-BF4B-00C04F79EFBC}") = "TootFloot", "TootFloot.csproj", "{2BC39B6F-0950-232F-107E-881C06D249FF}"
EndProject
Global
	GlobalSection(SolutionConfigurationPlatforms) = preSolution
		Debug|Any CPU = Debug|Any CPU
		Release|Any CPU = Release|Any CPU
	EndGlobalSection
	GlobalSection(ProjectConfigurationPlatforms) = postSolution
		{2BC39B6F-0950-232F-107E-881C06D249FF}.Debug|Any CPU.ActiveCfg = Debug|Any CPU
		{2BC39B6F-0950-232F-107E-881C06D249FF}.Debug|Any CPU.Build.0 = Debug|Any CPU
		{2BC39B6F-0950-232F-107E-881C06D249FF}.Release|Any CPU.ActiveCfg = Release|Any CPU
		{2BC39B6F-0950-232F-107E-881C06D249FF}.Release|Any CPU.Build.0 = Release|Any CPU
	EndGlobalSection
	GlobalSection(SolutionProperties) = preSolution
		HideSolutionNode = FALSE
	EndGlobalSection
	GlobalSection(ExtensibilityGlobals) = postSolution
		SolutionGuid = {C498FD6D-B4C0-41F6-81AA-BAD4D5B32567}
	EndGlobalSection
EndGlobal
